
Microsoft Visual Studio Solution File, Format Version 12.00
# Visual Studio Version 17
VisualStudioVersion = 17.6.33829.357
MinimumVisualStudioVersion = 10.0.40219.1
Project("{FAE04EC0-301F-11D3-BF4B-00C04F79EFBC}") = "RabbitMQProducer", "RabbitMQProducer\RabbitMQProducer.csproj", "{282F3706-EE68-44A2-9013-3707D37D3B36}"
EndProject
Project("{FAE04EC0-301F-11D3-BF4B-00C04F79EFBC}") = "RabbitMQConsumer", "RabbitMQConsumer\RabbitMQConsumer.csproj", "{9E934BFA-FD8D-4AC2-97AD-A76FAC7A0596}"
EndProject
Project("{2150E333-8FDC-42A3-9474-1A3956D46DE8}") = "Solution Items", "Solution Items", "{2B00BDA9-246A-465B-A43B-F184BC87E0C1}"
	ProjectSection(SolutionItems) = preProject
		docker-compose.yml = docker-compose.yml
	EndProjectSection
EndProject
Global
	GlobalSection(SolutionConfigurationPlatforms) = preSolution
		Debug|Any CPU = Debug|Any CPU
		Release|Any CPU = Release|Any CPU
	EndGlobalSection
	GlobalSection(ProjectConfigurationPlatforms) = postSolution
		{282F3706-EE68-44A2-9013-3707D37D3B36}.Debug|Any CPU.ActiveCfg = Debug|Any CPU
		{282F3706-EE68-44A2-9013-3707D37D3B36}.Debug|Any CPU.Build.0 = Debug|Any CPU
		{282F3706-EE68-44A2-9013-3707D37D3B36}.Release|Any CPU.ActiveCfg = Release|Any CPU
		{282F3706-EE68-44A2-9013-3707D37D3B36}.Release|Any CPU.Build.0 = Release|Any CPU
		{9E934BFA-FD8D-4AC2-97AD-A76FAC7A0596}.Debug|Any CPU.ActiveCfg = Debug|Any CPU
		{9E934BFA-FD8D-4AC2-97AD-A76FAC7A0596}.Debug|Any CPU.Build.0 = Debug|Any CPU
		{9E934BFA-FD8D-4AC2-97AD-A76FAC7A0596}.Release|Any CPU.ActiveCfg = Release|Any CPU
		{9E934BFA-FD8D-4AC2-97AD-A76FAC7A0596}.Release|Any CPU.Build.0 = Release|Any CPU
	EndGlobalSection
	GlobalSection(SolutionProperties) = preSolution
		HideSolutionNode = FALSE
	EndGlobalSection
	GlobalSection(ExtensibilityGlobals) = postSolution
		SolutionGuid = {5B46A03B-05E5-4270-8371-F5F3E001576E}
	EndGlobalSection
EndGlobal
